
Microsoft Visual Studio Solution File, Format Version 11.00
# Visual Studio 2010
Project("{FAE04EC0-301F-11D3-BF4B-00C04F79EFBC}") = "C#PhoneBook", "C#PhoneBook\C#PhoneBook.csproj", "{12C595A3-15E0-401D-92B8-D5EB7B2C5359}"
EndProject
Global
	GlobalSection(SolutionConfigurationPlatforms) = preSolution
		Debug|x86 = Debug|x86
		Release|x86 = Release|x86
	EndGlobalSection
	GlobalSection(ProjectConfigurationPlatforms) = postSolution
		{12C595A3-15E0-401D-92B8-D5EB7B2C5359}.Debug|x86.ActiveCfg = Debug|x86
		{12C595A3-15E0-401D-92B8-D5EB7B2C5359}.Debug|x86.Build.0 = Debug|x86
		{12C595A3-15E0-401D-92B8-D5EB7B2C5359}.Release|x86.ActiveCfg = Release|x86
		{12C595A3-15E0-401D-92B8-D5EB7B2C5359}.Release|x86.Build.0 = Release|x86
	EndGlobalSection
	GlobalSection(MonoDevelopProperties) = preSolution
		StartupItem = C#PhoneBook\C#PhoneBook.csproj
	EndGlobalSection
EndGlobal
